
Microsoft Visual Studio Solution File, Format Version 12.00
# Visual Studio 2012
Project("{FAE04EC0-301F-11D3-BF4B-00C04F79EFBC}") = "WorkflowServiceCallbackTool", "WorkflowServiceCallbackTool\WorkflowServiceCallbackTool.csproj", "{9A681EDE-467D-4AC1-ADF9-0AE8FD718F41}"
EndProject
Project("{FAE04EC0-301F-11D3-BF4B-00C04F79EFBC}") = "Scheduling.Contracts", "Scheduling.Contracts\Scheduling.Contracts.csproj", "{0EE4BEBF-EC06-4901-99F4-9BB69EA41E3A}"
EndProject
Global
	GlobalSection(TeamFoundationVersionControl) = preSolution
		SccNumberOfProjects = 3
		SccEnterpriseProvider = {4CA58AB2-18FA-4F8D-95D4-32DDF27D184C}
		SccTeamFoundationServer = https://tfs.codeplex.com/tfs/tfs36
		SccLocalPath0 = .
		SccProjectUniqueName1 = Scheduling.Contracts\\Scheduling.Contracts.csproj
		SccProjectName1 = Scheduling.Contracts
		SccLocalPath1 = Scheduling.Contracts
		SccProjectUniqueName2 = WorkflowServiceCallbackTool\\WorkflowServiceCallbackTool.csproj
		SccProjectName2 = WorkflowServiceCallbackTool
		SccLocalPath2 = WorkflowServiceCallbackTool
	EndGlobalSection
	GlobalSection(SolutionConfigurationPlatforms) = preSolution
		Debug|Any CPU = Debug|Any CPU
		Release|Any CPU = Release|Any CPU
	EndGlobalSection
	GlobalSection(ProjectConfigurationPlatforms) = postSolution
		{9A681EDE-467D-4AC1-ADF9-0AE8FD718F41}.Debug|Any CPU.ActiveCfg = Debug|Any CPU
		{9A681EDE-467D-4AC1-ADF9-0AE8FD718F41}.Debug|Any CPU.Build.0 = Debug|Any CPU
		{9A681EDE-467D-4AC1-ADF9-0AE8FD718F41}.Release|Any CPU.ActiveCfg = Release|Any CPU
		{9A681EDE-467D-4AC1-ADF9-0AE8FD718F41}.Release|Any CPU.Build.0 = Release|Any CPU
		{0EE4BEBF-EC06-4901-99F4-9BB69EA41E3A}.Debug|Any CPU.ActiveCfg = Debug|Any CPU
		{0EE4BEBF-EC06-4901-99F4-9BB69EA41E3A}.Debug|Any CPU.Build.0 = Debug|Any CPU
		{0EE4BEBF-EC06-4901-99F4-9BB69EA41E3A}.Release|Any CPU.ActiveCfg = Release|Any CPU
		{0EE4BEBF-EC06-4901-99F4-9BB69EA41E3A}.Release|Any CPU.Build.0 = Release|Any CPU
	EndGlobalSection
	GlobalSection(SolutionProperties) = preSolution
		HideSolutionNode = FALSE
	EndGlobalSection
EndGlobal
